// !$*UTF8*$!
{
	archiveVersion = 1;
	classes = {
	};
	objectVersion = 46;
	objects = {

/* Begin PBXBuildFile section */
		4D4CB49316096C2800CD41B4 /* Cocoa.framework in Frameworks */ = {isa = PBXBuildFile; fileRef = 4D4CB49216096C2800CD41B4 /* Cocoa.framework */; };
		4D4CB49D16096C2800CD41B4 /* InfoPlist.strings in Resources */ = {isa = PBXBuildFile; fileRef = 4D4CB49B16096C2800CD41B4 /* InfoPlist.strings */; };
		4D4CB49F16096C2800CD41B4 /* main.m in Sources */ = {isa = PBXBuildFile; fileRef = 4D4CB49E16096C2800CD41B4 /* main.m */; };
		4D4CB4A316096C2800CD41B4 /* Credits.rtf in Resources */ = {isa = PBXBuildFile; fileRef = 4D4CB4A116096C2800CD41B4 /* Credits.rtf */; };
		4D4CB4A616096C2800CD41B4 /* CCRAppDelegate.m in Sources */ = {isa = PBXBuildFile; fileRef = 4D4CB4A516096C2800CD41B4 /* CCRAppDelegate.m */; };
		4D4CB4A916096C2800CD41B4 /* MainMenu.xib in Resources */ = {isa = PBXBuildFile; fileRef = 4D4CB4A716096C2800CD41B4 /* MainMenu.xib */; };
		4D69CAB316461AFF006DCD21 /* ReplacementConfirmation.xib in Resources */ = {isa = PBXBuildFile; fileRef = 4D69CAB216461AFF006DCD21 /* ReplacementConfirmation.xib */; };
		4D69CAD3164767F9006DCD21 /* Quartz.framework in Frameworks */ = {isa = PBXBuildFile; fileRef = 4D69CAD2164767F9006DCD21 /* Quartz.framework */; };
		4D69CAD816476E2B006DCD21 /* CCRSourceListTableView.m in Sources */ = {isa = PBXBuildFile; fileRef = 4D69CAD716476E2B006DCD21 /* CCRSourceListTableView.m */; };
		4D69CAE5164777C1006DCD21 /* CCRTagsAndTitlesController.m in Sources */ = {isa = PBXBuildFile; fileRef = 4D69CAE4164777C1006DCD21 /* CCRTagsAndTitlesController.m */; };
		4DEA4ECB1640C5A400D73F8B /* CCRLastPathComponentValueTransformer.m in Sources */ = {isa = PBXBuildFile; fileRef = 4DEA4ECA1640C5A400D73F8B /* CCRLastPathComponentValueTransformer.m */; };
		4DEA4ECF1640C78400D73F8B /* CCRNSURLValueTransformer.m in Sources */ = {isa = PBXBuildFile; fileRef = 4DEA4ECE1640C78400D73F8B /* CCRNSURLValueTransformer.m */; };
		4DF18CA7163DF0F10002D0F3 /* CCRSourceList.m in Sources */ = {isa = PBXBuildFile; fileRef = 4DF18CA6163DF0F10002D0F3 /* CCRSourceList.m */; };
		4DF18CAB163E06930002D0F3 /* NSArray-CCRExtensions.m in Sources */ = {isa = PBXBuildFile; fileRef = 4DF18CAA163E06930002D0F3 /* NSArray-CCRExtensions.m */; };
		4DF18CAD163E095B0002D0F3 /* Foundation.framework in Frameworks */ = {isa = PBXBuildFile; fileRef = 4D4CB49716096C2800CD41B4 /* Foundation.framework */; };
		F7E58A21163DDE7200E25112 /* DividerBar.png in Resources */ = {isa = PBXBuildFile; fileRef = F7E58A20163DDE7200E25112 /* DividerBar.png */; };
/* End PBXBuildFile section */

/* Begin PBXFileReference section */
		4D4CB48E16096C2800CD41B4 /* Renamer.app */ = {isa = PBXFileReference; explicitFileType = wrapper.application; includeInIndex = 0; path = Renamer.app; sourceTree = BUILT_PRODUCTS_DIR; };
		4D4CB49216096C2800CD41B4 /* Cocoa.framework */ = {isa = PBXFileReference; lastKnownFileType = wrapper.framework; name = Cocoa.framework; path = System/Library/Frameworks/Cocoa.framework; sourceTree = SDKROOT; };
		4D4CB49516096C2800CD41B4 /* AppKit.framework */ = {isa = PBXFileReference; lastKnownFileType = wrapper.framework; name = AppKit.framework; path = System/Library/Frameworks/AppKit.framework; sourceTree = SDKROOT; };
		4D4CB49616096C2800CD41B4 /* CoreData.framework */ = {isa = PBXFileReference; lastKnownFileType = wrapper.framework; name = CoreData.framework; path = System/Library/Frameworks/CoreData.framework; sourceTree = SDKROOT; };
		4D4CB49716096C2800CD41B4 /* Foundation.framework */ = {isa = PBXFileReference; lastKnownFileType = wrapper.framework; name = Foundation.framework; path = System/Library/Frameworks/Foundation.framework; sourceTree = SDKROOT; };
		4D4CB49A16096C2800CD41B4 /* Renamer-Info.plist */ = {isa = PBXFileReference; lastKnownFileType = text.plist.xml; path = "Renamer-Info.plist"; sourceTree = "<group>"; };
		4D4CB49C16096C2800CD41B4 /* en */ = {isa = PBXFileReference; lastKnownFileType = text.plist.strings; name = en; path = en.lproj/InfoPlist.strings; sourceTree = "<group>"; };
		4D4CB49E16096C2800CD41B4 /* main.m */ = {isa = PBXFileReference; lastKnownFileType = sourcecode.c.objc; path = main.m; sourceTree = "<group>"; };
		4D4CB4A016096C2800CD41B4 /* Renamer-Prefix.pch */ = {isa = PBXFileReference; lastKnownFileType = sourcecode.c.h; path = "Renamer-Prefix.pch"; sourceTree = "<group>"; };
		4D4CB4A216096C2800CD41B4 /* en */ = {isa = PBXFileReference; lastKnownFileType = text.rtf; name = en; path = en.lproj/Credits.rtf; sourceTree = "<group>"; };
		4D4CB4A416096C2800CD41B4 /* CCRAppDelegate.h */ = {isa = PBXFileReference; lastKnownFileType = sourcecode.c.h; path = CCRAppDelegate.h; sourceTree = "<group>"; };
		4D4CB4A516096C2800CD41B4 /* CCRAppDelegate.m */ = {isa = PBXFileReference; lastKnownFileType = sourcecode.c.objc; path = CCRAppDelegate.m; sourceTree = "<group>"; };
		4D4CB4A816096C2800CD41B4 /* en */ = {isa = PBXFileReference; lastKnownFileType = file.xib; name = en; path = en.lproj/MainMenu.xib; sourceTree = "<group>"; };
		4D4CB4B31609742200CD41B4 /* Renamer.entitlements */ = {isa = PBXFileReference; lastKnownFileType = text.xml; path = Renamer.entitlements; sourceTree = "<group>"; };
		4D69CAB216461AFF006DCD21 /* ReplacementConfirmation.xib */ = {isa = PBXFileReference; fileEncoding = 4; lastKnownFileType = file.xib; path = ReplacementConfirmation.xib; sourceTree = "<group>"; };
		4D69CAD2164767F9006DCD21 /* Quartz.framework */ = {isa = PBXFileReference; lastKnownFileType = wrapper.framework; name = Quartz.framework; path = System/Library/Frameworks/Quartz.framework; sourceTree = SDKROOT; };
		4D69CAD616476E2B006DCD21 /* CCRSourceListTableView.h */ = {isa = PBXFileReference; fileEncoding = 4; lastKnownFileType = sourcecode.c.h; path = CCRSourceListTableView.h; sourceTree = "<group>"; };
		4D69CAD716476E2B006DCD21 /* CCRSourceListTableView.m */ = {isa = PBXFileReference; fileEncoding = 4; lastKnownFileType = sourcecode.c.objc; path = CCRSourceListTableView.m; sourceTree = "<group>"; };
		4D69CAE3164777C1006DCD21 /* CCRTagsAndTitlesController.h */ = {isa = PBXFileReference; fileEncoding = 4; lastKnownFileType = sourcecode.c.h; path = CCRTagsAndTitlesController.h; sourceTree = "<group>"; };
		4D69CAE4164777C1006DCD21 /* CCRTagsAndTitlesController.m */ = {isa = PBXFileReference; fileEncoding = 4; lastKnownFileType = sourcecode.c.objc; path = CCRTagsAndTitlesController.m; sourceTree = "<group>"; };
		4DEA4EC91640C5A400D73F8B /* CCRLastPathComponentValueTransformer.h */ = {isa = PBXFileReference; fileEncoding = 4; lastKnownFileType = sourcecode.c.h; path = CCRLastPathComponentValueTransformer.h; sourceTree = "<group>"; };
		4DEA4ECA1640C5A400D73F8B /* CCRLastPathComponentValueTransformer.m */ = {isa = PBXFileReference; fileEncoding = 4; lastKnownFileType = sourcecode.c.objc; path = CCRLastPathComponentValueTransformer.m; sourceTree = "<group>"; };
		4DEA4ECD1640C78400D73F8B /* CCRNSURLValueTransformer.h */ = {isa = PBXFileReference; fileEncoding = 4; lastKnownFileType = sourcecode.c.h; path = CCRNSURLValueTransformer.h; sourceTree = "<group>"; };
		4DEA4ECE1640C78400D73F8B /* CCRNSURLValueTransformer.m */ = {isa = PBXFileReference; fileEncoding = 4; lastKnownFileType = sourcecode.c.objc; path = CCRNSURLValueTransformer.m; sourceTree = "<group>"; };
		4DF18CA5163DF0F10002D0F3 /* CCRSourceList.h */ = {isa = PBXFileReference; fileEncoding = 4; lastKnownFileType = sourcecode.c.h; path = CCRSourceList.h; sourceTree = "<group>"; };
		4DF18CA6163DF0F10002D0F3 /* CCRSourceList.m */ = {isa = PBXFileReference; fileEncoding = 4; lastKnownFileType = sourcecode.c.objc; path = CCRSourceList.m; sourceTree = "<group>"; };
		4DF18CAA163E06930002D0F3 /* NSArray-CCRExtensions.m */ = {isa = PBXFileReference; fileEncoding = 4; lastKnownFileType = sourcecode.c.objc; path = "NSArray-CCRExtensions.m"; sourceTree = "<group>"; };
		4DF18CAC163E07040002D0F3 /* NSArray-CCRExtensions.h */ = {isa = PBXFileReference; lastKnownFileType = sourcecode.c.h; path = "NSArray-CCRExtensions.h"; sourceTree = "<group>"; };
		F7E58A20163DDE7200E25112 /* DividerBar.png */ = {isa = PBXFileReference; lastKnownFileType = image.png; path = DividerBar.png; sourceTree = "<group>"; };
/* End PBXFileReference section */

/* Begin PBXFrameworksBuildPhase section */
		4D4CB48B16096C2800CD41B4 /* Frameworks */ = {
			isa = PBXFrameworksBuildPhase;
			buildActionMask = 2147483647;
			files = (
				4D69CAD3164767F9006DCD21 /* Quartz.framework in Frameworks */,
				4DF18CAD163E095B0002D0F3 /* Foundation.framework in Frameworks */,
				4D4CB49316096C2800CD41B4 /* Cocoa.framework in Frameworks */,
			);
			runOnlyForDeploymentPostprocessing = 0;
		};
/* End PBXFrameworksBuildPhase section */

/* Begin PBXGroup section */
		4D4CB48316096C2800CD41B4 = {
			isa = PBXGroup;
			children = (
				4D69CAD2164767F9006DCD21 /* Quartz.framework */,
				4D4CB49816096C2800CD41B4 /* Renamer */,
				4D4CB49116096C2800CD41B4 /* Frameworks */,
				4D4CB48F16096C2800CD41B4 /* Products */,
			);
			sourceTree = "<group>";
		};
		4D4CB48F16096C2800CD41B4 /* Products */ = {
			isa = PBXGroup;
			children = (
				4D4CB48E16096C2800CD41B4 /* Renamer.app */,
			);
			name = Products;
			sourceTree = "<group>";
		};
		4D4CB49116096C2800CD41B4 /* Frameworks */ = {
			isa = PBXGroup;
			children = (
				4D4CB49216096C2800CD41B4 /* Cocoa.framework */,
				4D4CB49416096C2800CD41B4 /* Other Frameworks */,
			);
			name = Frameworks;
			sourceTree = "<group>";
		};
		4D4CB49416096C2800CD41B4 /* Other Frameworks */ = {
			isa = PBXGroup;
			children = (
				4D4CB49516096C2800CD41B4 /* AppKit.framework */,
				4D4CB49616096C2800CD41B4 /* CoreData.framework */,
				4D4CB49716096C2800CD41B4 /* Foundation.framework */,
			);
			name = "Other Frameworks";
			sourceTree = "<group>";
		};
		4D4CB49816096C2800CD41B4 /* Renamer */ = {
			isa = PBXGroup;
			children = (
				4D4CB4A416096C2800CD41B4 /* CCRAppDelegate.h */,
				4D4CB4A516096C2800CD41B4 /* CCRAppDelegate.m */,
				4DEA4EC91640C5A400D73F8B /* CCRLastPathComponentValueTransformer.h */,
				4DEA4ECA1640C5A400D73F8B /* CCRLastPathComponentValueTransformer.m */,
				4DEA4ECD1640C78400D73F8B /* CCRNSURLValueTransformer.h */,
				4DEA4ECE1640C78400D73F8B /* CCRNSURLValueTransformer.m */,
				4DF18CA5163DF0F10002D0F3 /* CCRSourceList.h */,
				4DF18CA6163DF0F10002D0F3 /* CCRSourceList.m */,
				4D69CAD616476E2B006DCD21 /* CCRSourceListTableView.h */,
				4D69CAD716476E2B006DCD21 /* CCRSourceListTableView.m */,
				4D69CAE3164777C1006DCD21 /* CCRTagsAndTitlesController.h */,
				4D69CAE4164777C1006DCD21 /* CCRTagsAndTitlesController.m */,
				4DF18CAC163E07040002D0F3 /* NSArray-CCRExtensions.h */,
				4DF18CAA163E06930002D0F3 /* NSArray-CCRExtensions.m */,
				4D4CB4B31609742200CD41B4 /* Renamer.entitlements */,
				4D4CB49916096C2800CD41B4 /* Supporting Files */,
				4D69CAE116477775006DCD21 /* UI */,
			);
			path = Renamer;
			sourceTree = "<group>";
		};
		4D4CB49916096C2800CD41B4 /* Supporting Files */ = {
			isa = PBXGroup;
			children = (
				4D4CB49A16096C2800CD41B4 /* Renamer-Info.plist */,
				4D4CB49B16096C2800CD41B4 /* InfoPlist.strings */,
				4D4CB49E16096C2800CD41B4 /* main.m */,
				4D4CB4A016096C2800CD41B4 /* Renamer-Prefix.pch */,
				4D4CB4A116096C2800CD41B4 /* Credits.rtf */,
			);
			name = "Supporting Files";
			sourceTree = "<group>";
		};
		4D69CAE116477775006DCD21 /* UI */ = {
			isa = PBXGroup;
			children = (
				F7E58A20163DDE7200E25112 /* DividerBar.png */,
				4D4CB4A716096C2800CD41B4 /* MainMenu.xib */,
				4D69CAB216461AFF006DCD21 /* ReplacementConfirmation.xib */,
			);
			name = UI;
			sourceTree = "<group>";
		};
/* End PBXGroup section */

/* Begin PBXNativeTarget section */
		4D4CB48D16096C2800CD41B4 /* Renamer */ = {
			isa = PBXNativeTarget;
			buildConfigurationList = 4D4CB4AC16096C2800CD41B4 /* Build configuration list for PBXNativeTarget "Renamer" */;
			buildPhases = (
				4D4CB48A16096C2800CD41B4 /* Sources */,
				4D4CB48B16096C2800CD41B4 /* Frameworks */,
				4D4CB48C16096C2800CD41B4 /* Resources */,
			);
			buildRules = (
			);
			dependencies = (
			);
			name = Renamer;
			productName = Renamer;
			productReference = 4D4CB48E16096C2800CD41B4 /* Renamer.app */;
			productType = "com.apple.product-type.application";
		};
/* End PBXNativeTarget section */

/* Begin PBXProject section */
		4D4CB48516096C2800CD41B4 /* Project object */ = {
			isa = PBXProject;
			attributes = {
				CLASSPREFIX = CCR;
				LastUpgradeCheck = 0450;
				ORGANIZATIONNAME = "Curt Clifton";
			};
			buildConfigurationList = 4D4CB48816096C2800CD41B4 /* Build configuration list for PBXProject "Renamer" */;
			compatibilityVersion = "Xcode 3.2";
			developmentRegion = English;
			hasScannedForEncodings = 0;
			knownRegions = (
				en,
			);
			mainGroup = 4D4CB48316096C2800CD41B4;
			productRefGroup = 4D4CB48F16096C2800CD41B4 /* Products */;
			projectDirPath = "";
			projectRoot = "";
			targets = (
				4D4CB48D16096C2800CD41B4 /* Renamer */,
			);
		};
/* End PBXProject section */

/* Begin PBXResourcesBuildPhase section */
		4D4CB48C16096C2800CD41B4 /* Resources */ = {
			isa = PBXResourcesBuildPhase;
			buildActionMask = 2147483647;
			files = (
				4D4CB49D16096C2800CD41B4 /* InfoPlist.strings in Resources */,
				4D4CB4A316096C2800CD41B4 /* Credits.rtf in Resources */,
				4D4CB4A916096C2800CD41B4 /* MainMenu.xib in Resources */,
				F7E58A21163DDE7200E25112 /* DividerBar.png in Resources */,
				4D69CAB316461AFF006DCD21 /* ReplacementConfirmation.xib in Resources */,
			);
			runOnlyForDeploymentPostprocessing = 0;
		};
/* End PBXResourcesBuildPhase section */

/* Begin PBXSourcesBuildPhase section */
		4D4CB48A16096C2800CD41B4 /* Sources */ = {
			isa = PBXSourcesBuildPhase;
			buildActionMask = 2147483647;
			files = (
				4D4CB49F16096C2800CD41B4 /* main.m in Sources */,
				4D4CB4A616096C2800CD41B4 /* CCRAppDelegate.m in Sources */,
				4DF18CA7163DF0F10002D0F3 /* CCRSourceList.m in Sources */,
				4DF18CAB163E06930002D0F3 /* NSArray-CCRExtensions.m in Sources */,
				4DEA4ECB1640C5A400D73F8B /* CCRLastPathComponentValueTransformer.m in Sources */,
				4DEA4ECF1640C78400D73F8B /* CCRNSURLValueTransformer.m in Sources */,
				4D69CAD816476E2B006DCD21 /* CCRSourceListTableView.m in Sources */,
				4D69CAE5164777C1006DCD21 /* CCRTagsAndTitlesController.m in Sources */,
			);
			runOnlyForDeploymentPostprocessing = 0;
		};
/* End PBXSourcesBuildPhase section */

/* Begin PBXVariantGroup section */
		4D4CB49B16096C2800CD41B4 /* InfoPlist.strings */ = {
			isa = PBXVariantGroup;
			children = (
				4D4CB49C16096C2800CD41B4 /* en */,
			);
			name = InfoPlist.strings;
			sourceTree = "<group>";
		};
		4D4CB4A116096C2800CD41B4 /* Credits.rtf */ = {
			isa = PBXVariantGroup;
			children = (
				4D4CB4A216096C2800CD41B4 /* en */,
			);
			name = Credits.rtf;
			sourceTree = "<group>";
		};
		4D4CB4A716096C2800CD41B4 /* MainMenu.xib */ = {
			isa = PBXVariantGroup;
			children = (
				4D4CB4A816096C2800CD41B4 /* en */,
			);
			name = MainMenu.xib;
			sourceTree = "<group>";
		};
/* End PBXVariantGroup section */

/* Begin XCBuildConfiguration section */
		4D4CB4AA16096C2800CD41B4 /* Debug */ = {
			isa = XCBuildConfiguration;
			buildSettings = {
				ALWAYS_SEARCH_USER_PATHS = NO;
				ARCHS = "$(ARCHS_STANDARD_64_BIT)";
				CLANG_CXX_LANGUAGE_STANDARD = "gnu++0x";
				CLANG_CXX_LIBRARY = "libc++";
				CLANG_ENABLE_OBJC_ARC = YES;
				CLANG_WARN_EMPTY_BODY = YES;
				CLANG_WARN__DUPLICATE_METHOD_MATCH = YES;
				COPY_PHASE_STRIP = NO;
				GCC_C_LANGUAGE_STANDARD = gnu99;
				GCC_DYNAMIC_NO_PIC = NO;
				GCC_ENABLE_OBJC_EXCEPTIONS = YES;
				GCC_OPTIMIZATION_LEVEL = 0;
				GCC_PREPROCESSOR_DEFINITIONS = (
					"DEBUG=1",
					"$(inherited)",
				);
				GCC_SYMBOLS_PRIVATE_EXTERN = NO;
				GCC_WARN_64_TO_32_BIT_CONVERSION = YES;
				GCC_WARN_ABOUT_RETURN_TYPE = YES;
				GCC_WARN_UNINITIALIZED_AUTOS = YES;
				GCC_WARN_UNUSED_VARIABLE = YES;
				MACOSX_DEPLOYMENT_TARGET = 10.8;
				ONLY_ACTIVE_ARCH = YES;
				SDKROOT = macosx;
			};
			name = Debug;
		};
		4D4CB4AB16096C2800CD41B4 /* Release */ = {
			isa = XCBuildConfiguration;
			buildSettings = {
				ALWAYS_SEARCH_USER_PATHS = NO;
				ARCHS = "$(ARCHS_STANDARD_64_BIT)";
				CLANG_CXX_LANGUAGE_STANDARD = "gnu++0x";
				CLANG_CXX_LIBRARY = "libc++";
				CLANG_ENABLE_OBJC_ARC = YES;
				CLANG_WARN_EMPTY_BODY = YES;
				CLANG_WARN__DUPLICATE_METHOD_MATCH = YES;
				COPY_PHASE_STRIP = YES;
				DEBUG_INFORMATION_FORMAT = "dwarf-with-dsym";
				GCC_C_LANGUAGE_STANDARD = gnu99;
				GCC_ENABLE_OBJC_EXCEPTIONS = YES;
				GCC_WARN_64_TO_32_BIT_CONVERSION = YES;
				GCC_WARN_ABOUT_RETURN_TYPE = YES;
				GCC_WARN_UNINITIALIZED_AUTOS = YES;
				GCC_WARN_UNUSED_VARIABLE = YES;
				MACOSX_DEPLOYMENT_TARGET = 10.8;
				SDKROOT = macosx;
			};
			name = Release;
		};
		4D4CB4AD16096C2800CD41B4 /* Debug */ = {
			isa = XCBuildConfiguration;
			buildSettings = {
				CODE_SIGN_ENTITLEMENTS = Renamer/Renamer.entitlements;
				CODE_SIGN_IDENTITY = "Curt Clifton";
				COMBINE_HIDPI_IMAGES = YES;
				GCC_PRECOMPILE_PREFIX_HEADER = YES;
				GCC_PREFIX_HEADER = "Renamer/Renamer-Prefix.pch";
				INFOPLIST_FILE = "Renamer/Renamer-Info.plist";
				PRODUCT_NAME = "$(TARGET_NAME)";
				PROVISIONING_PROFILE = "";
				WRAPPER_EXTENSION = app;
			};
			name = Debug;
		};
		4D4CB4AE16096C2800CD41B4 /* Release */ = {
			isa = XCBuildConfiguration;
			buildSettings = {
				CODE_SIGN_ENTITLEMENTS = Renamer/Renamer.entitlements;
				CODE_SIGN_IDENTITY = "Curt Clifton";
				COMBINE_HIDPI_IMAGES = YES;
				GCC_PRECOMPILE_PREFIX_HEADER = YES;
				GCC_PREFIX_HEADER = "Renamer/Renamer-Prefix.pch";
				INFOPLIST_FILE = "Renamer/Renamer-Info.plist";
				PRODUCT_NAME = "$(TARGET_NAME)";
				PROVISIONING_PROFILE = "";
				WRAPPER_EXTENSION = app;
			};
			name = Release;
		};
/* End XCBuildConfiguration section */

/* Begin XCConfigurationList section */
		4D4CB48816096C2800CD41B4 /* Build configuration list for PBXProject "Renamer" */ = {
			isa = XCConfigurationList;
			buildConfigurations = (
				4D4CB4AA16096C2800CD41B4 /* Debug */,
				4D4CB4AB16096C2800CD41B4 /* Release */,
			);
			defaultConfigurationIsVisible = 0;
			defaultConfigurationName = Release;
		};
		4D4CB4AC16096C2800CD41B4 /* Build configuration list for PBXNativeTarget "Renamer" */ = {
			isa = XCConfigurationList;
			buildConfigurations = (
				4D4CB4AD16096C2800CD41B4 /* Debug */,
				4D4CB4AE16096C2800CD41B4 /* Release */,
			);
			defaultConfigurationIsVisible = 0;
			defaultConfigurationName = Release;
		};
/* End XCConfigurationList section */
	};
	rootObject = 4D4CB48516096C2800CD41B4 /* Project object */;
}
